
Microsoft Visual Studio Solution File, Format Version 12.00
# Visual Studio Version 17
VisualStudioVersion = 17.10.35122.118
MinimumVisualStudioVersion = 10.0.40219.1
Project("{FAE04EC0-301F-11D3-BF4B-00C04F79EFBC}") = "Clib", "Clib\Clib.csproj", "{137D7CF3-3E7A-4347-8B24-6DA53AF2E437}"
EndProject
Project("{FAE04EC0-301F-11D3-BF4B-00C04F79EFBC}") = "WareHouseMgClient", "WareHouseMgClient\WareHouseMgClient.csproj", "{E79809E4-7801-4190-AEDA-AC64A57FAD1C}"
EndProject
Project("{FAE04EC0-301F-11D3-BF4B-00C04F79EFBC}") = "AvalClient", "AvalClient\AvalClient.csproj", "{21645A21-D665-47F0-9569-CD7FF1655744}"
EndProject
Global
	GlobalSection(SolutionConfigurationPlatforms) = preSolution
		Debug|Any CPU = Debug|Any CPU
		Release|Any CPU = Release|Any CPU
	EndGlobalSection
	GlobalSection(ProjectConfigurationPlatforms) = postSolution
		{137D7CF3-3E7A-4347-8B24-6DA53AF2E437}.Debug|Any CPU.ActiveCfg = Debug|Any CPU
		{137D7CF3-3E7A-4347-8B24-6DA53AF2E437}.Debug|Any CPU.Build.0 = Debug|Any CPU
		{137D7CF3-3E7A-4347-8B24-6DA53AF2E437}.Release|Any CPU.ActiveCfg = Release|Any CPU
		{137D7CF3-3E7A-4347-8B24-6DA53AF2E437}.Release|Any CPU.Build.0 = Release|Any CPU
		{E79809E4-7801-4190-AEDA-AC64A57FAD1C}.Debug|Any CPU.ActiveCfg = Debug|Any CPU
		{E79809E4-7801-4190-AEDA-AC64A57FAD1C}.Debug|Any CPU.Build.0 = Debug|Any CPU
		{E79809E4-7801-4190-AEDA-AC64A57FAD1C}.Release|Any CPU.ActiveCfg = Release|Any CPU
		{E79809E4-7801-4190-AEDA-AC64A57FAD1C}.Release|Any CPU.Build.0 = Release|Any CPU
		{21645A21-D665-47F0-9569-CD7FF1655744}.Debug|Any CPU.ActiveCfg = Debug|Any CPU
		{21645A21-D665-47F0-9569-CD7FF1655744}.Debug|Any CPU.Build.0 = Debug|Any CPU
		{21645A21-D665-47F0-9569-CD7FF1655744}.Release|Any CPU.ActiveCfg = Release|Any CPU
		{21645A21-D665-47F0-9569-CD7FF1655744}.Release|Any CPU.Build.0 = Release|Any CPU
	EndGlobalSection
	GlobalSection(SolutionProperties) = preSolution
		HideSolutionNode = FALSE
	EndGlobalSection
	GlobalSection(ExtensibilityGlobals) = postSolution
		SolutionGuid = {A9EFE1F2-371E-457A-931B-0D63C7739891}
	EndGlobalSection
EndGlobal
